
Microsoft Visual Studio Solution File, Format Version 12.00
# Visual Studio Version 16
VisualStudioVersion = 16.0.30114.105
MinimumVisualStudioVersion = 10.0.40219.1
Project("{F2A71F9B-5D33-465A-A702-920D77279786}") = "site", "site\site.fsproj", "{B2E1EFEE-8B2A-420D-B543-98CC9A510C54}"
EndProject
Project("{F2A71F9B-5D33-465A-A702-920D77279786}") = "tests", "tests\tests.fsproj", "{B033BDB6-CA90-41ED-AEF4-0D17AB7031BE}"
EndProject
Global
	GlobalSection(SolutionConfigurationPlatforms) = preSolution
		Debug|Any CPU = Debug|Any CPU
		Release|Any CPU = Release|Any CPU
	EndGlobalSection
	GlobalSection(SolutionProperties) = preSolution
		HideSolutionNode = FALSE
	EndGlobalSection
	GlobalSection(ProjectConfigurationPlatforms) = postSolution
		{B2E1EFEE-8B2A-420D-B543-98CC9A510C54}.Debug|Any CPU.ActiveCfg = Debug|Any CPU
		{B2E1EFEE-8B2A-420D-B543-98CC9A510C54}.Debug|Any CPU.Build.0 = Debug|Any CPU
		{B2E1EFEE-8B2A-420D-B543-98CC9A510C54}.Release|Any CPU.ActiveCfg = Release|Any CPU
		{B2E1EFEE-8B2A-420D-B543-98CC9A510C54}.Release|Any CPU.Build.0 = Release|Any CPU
		{B033BDB6-CA90-41ED-AEF4-0D17AB7031BE}.Debug|Any CPU.ActiveCfg = Debug|Any CPU
		{B033BDB6-CA90-41ED-AEF4-0D17AB7031BE}.Debug|Any CPU.Build.0 = Debug|Any CPU
		{B033BDB6-CA90-41ED-AEF4-0D17AB7031BE}.Release|Any CPU.ActiveCfg = Release|Any CPU
		{B033BDB6-CA90-41ED-AEF4-0D17AB7031BE}.Release|Any CPU.Build.0 = Release|Any CPU
	EndGlobalSection
EndGlobal
